
Microsoft Visual Studio Solution File, Format Version 12.00
# Visual Studio Version 17
VisualStudioVersion = 17.14.36717.8
MinimumVisualStudioVersion = 10.0.40219.1
Project("{FAE04EC0-301F-11D3-BF4B-00C04F79EFBC}") = "CleanArch.Mvc", "CleanArch.Mvc\CleanArch.Mvc.csproj", "{69A3265A-C2FF-4DDC-9205-C0E06026DCAE}"
EndProject
Project("{2150E333-8FDC-42A3-9474-1A3956D46DE8}") = "Presentation", "Presentation", "{02EA681E-C7D8-13C7-8484-4AC65E1B71E8}"
EndProject
Project("{2150E333-8FDC-42A3-9474-1A3956D46DE8}") = "Infra.IoC", "Infra.IoC", "{5A04CD71-DA57-4237-AD5F-0B281EED71DE}"
EndProject
Project("{2150E333-8FDC-42A3-9474-1A3956D46DE8}") = "Infra.Data", "Infra.Data", "{154264AA-D280-4E25-81D8-B1F437BF7834}"
EndProject
Project("{2150E333-8FDC-42A3-9474-1A3956D46DE8}") = "Domain", "Domain", "{EF846939-5BC5-4ADB-87F9-603DDAC7A9EC}"
EndProject
Project("{2150E333-8FDC-42A3-9474-1A3956D46DE8}") = "Application", "Application", "{9E2780C1-6890-4935-97BA-A69CFA8F7731}"
EndProject
Project("{FAE04EC0-301F-11D3-BF4B-00C04F79EFBC}") = "CleanArch.Infra.Data", "Infra.Data\CleanArch.Infra.Data\CleanArch.Infra.Data.csproj", "{6EFAC747-9A5A-4580-BA7F-B69E0F995A04}"
EndProject
Project("{FAE04EC0-301F-11D3-BF4B-00C04F79EFBC}") = "CleanArch.Domain", "Domain\CleanArch.Domain\CleanArch.Domain.csproj", "{306153D8-31C7-4009-91B5-2103A120519C}"
EndProject
Project("{FAE04EC0-301F-11D3-BF4B-00C04F79EFBC}") = "CleanArch.Infra.IoC", "Infra.IoC\CleanArch.Infra.IoC\CleanArch.Infra.IoC.csproj", "{71D45646-3CE8-4531-8081-6D72D00D0F9F}"
EndProject
Project("{FAE04EC0-301F-11D3-BF4B-00C04F79EFBC}") = "CleanArch.Application", "Application\CleanArch.Application\CleanArch.Application.csproj", "{F9EF3E0F-9785-45EB-BC3A-5EBF01A33A56}"
EndProject
Global
	GlobalSection(SolutionConfigurationPlatforms) = preSolution
		Debug|Any CPU = Debug|Any CPU
		Release|Any CPU = Release|Any CPU
	EndGlobalSection
	GlobalSection(ProjectConfigurationPlatforms) = postSolution
		{69A3265A-C2FF-4DDC-9205-C0E06026DCAE}.Debug|Any CPU.ActiveCfg = Debug|Any CPU
		{69A3265A-C2FF-4DDC-9205-C0E06026DCAE}.Debug|Any CPU.Build.0 = Debug|Any CPU
		{69A3265A-C2FF-4DDC-9205-C0E06026DCAE}.Release|Any CPU.ActiveCfg = Release|Any CPU
		{69A3265A-C2FF-4DDC-9205-C0E06026DCAE}.Release|Any CPU.Build.0 = Release|Any CPU
		{6EFAC747-9A5A-4580-BA7F-B69E0F995A04}.Debug|Any CPU.ActiveCfg = Debug|Any CPU
		{6EFAC747-9A5A-4580-BA7F-B69E0F995A04}.Debug|Any CPU.Build.0 = Debug|Any CPU
		{6EFAC747-9A5A-4580-BA7F-B69E0F995A04}.Release|Any CPU.ActiveCfg = Release|Any CPU
		{6EFAC747-9A5A-4580-BA7F-B69E0F995A04}.Release|Any CPU.Build.0 = Release|Any CPU
		{306153D8-31C7-4009-91B5-2103A120519C}.Debug|Any CPU.ActiveCfg = Debug|Any CPU
		{306153D8-31C7-4009-91B5-2103A120519C}.Debug|Any CPU.Build.0 = Debug|Any CPU
		{306153D8-31C7-4009-91B5-2103A120519C}.Release|Any CPU.ActiveCfg = Release|Any CPU
		{306153D8-31C7-4009-91B5-2103A120519C}.Release|Any CPU.Build.0 = Release|Any CPU
		{71D45646-3CE8-4531-8081-6D72D00D0F9F}.Debug|Any CPU.ActiveCfg = Debug|Any CPU
		{71D45646-3CE8-4531-8081-6D72D00D0F9F}.Debug|Any CPU.Build.0 = Debug|Any CPU
		{71D45646-3CE8-4531-8081-6D72D00D0F9F}.Release|Any CPU.ActiveCfg = Release|Any CPU
		{71D45646-3CE8-4531-8081-6D72D00D0F9F}.Release|Any CPU.Build.0 = Release|Any CPU
		{F9EF3E0F-9785-45EB-BC3A-5EBF01A33A56}.Debug|Any CPU.ActiveCfg = Debug|Any CPU
		{F9EF3E0F-9785-45EB-BC3A-5EBF01A33A56}.Debug|Any CPU.Build.0 = Debug|Any CPU
		{F9EF3E0F-9785-45EB-BC3A-5EBF01A33A56}.Release|Any CPU.ActiveCfg = Release|Any CPU
		{F9EF3E0F-9785-45EB-BC3A-5EBF01A33A56}.Release|Any CPU.Build.0 = Release|Any CPU
	EndGlobalSection
	GlobalSection(SolutionProperties) = preSolution
		HideSolutionNode = FALSE
	EndGlobalSection
	GlobalSection(NestedProjects) = preSolution
		{69A3265A-C2FF-4DDC-9205-C0E06026DCAE} = {02EA681E-C7D8-13C7-8484-4AC65E1B71E8}
		{6EFAC747-9A5A-4580-BA7F-B69E0F995A04} = {154264AA-D280-4E25-81D8-B1F437BF7834}
		{306153D8-31C7-4009-91B5-2103A120519C} = {EF846939-5BC5-4ADB-87F9-603DDAC7A9EC}
		{71D45646-3CE8-4531-8081-6D72D00D0F9F} = {5A04CD71-DA57-4237-AD5F-0B281EED71DE}
		{F9EF3E0F-9785-45EB-BC3A-5EBF01A33A56} = {9E2780C1-6890-4935-97BA-A69CFA8F7731}
	EndGlobalSection
	GlobalSection(ExtensibilityGlobals) = postSolution
		SolutionGuid = {BDE0E7D7-07FC-462D-9EFA-360A814DB467}
	EndGlobalSection
EndGlobal
